{
  "pins" : [
    {
      "identity" : "bdk-swift",
      "kind" : "remoteSourceControl",
      "location" : "https://github.com/bitcoindevkit/bdk-swift",
      "state" : {
        "revision" : "643ca59f908f7e7b74d4ae6e070dd1c953cf004f",
        "version" : "0.6.1"
      }
    },
    {
      "identity" : "bitcoin-address-validator-swift",
      "kind" : "remoteSourceControl",
      "location" : "https://github.com/cuhte3/bitcoin-address-validator-swift",
      "state" : {
        "branch" : "main",
        "revision" : "c8738fea95bb403b49ff3e1457265d4b5b64838f"
      }
    },
    {
      "identity" : "codescanner",
      "kind" : "remoteSourceControl",
      "location" : "https://github.com/cuhte3/CodeScanner",
      "state" : {
        "branch" : "main",
        "revision" : "63657b5ada395bfd032be4e9eabcb959f57575eb"
      }
    },
    {
      "identity" : "coinpaprika-api-swift-client",
      "kind" : "remoteSourceControl",
      "location" : "https://github.com/coinpaprika/coinpaprika-api-swift-client",
      "state" : {
        "branch" : "master",
        "revision" : "22daaef73cfd79360483cbc51632dc372f23206d"
      }
    },
    {
      "identity" : "cryptoswift",
      "kind" : "remoteSourceControl",
      "location" : "https://github.com/krzyzanowskim/CryptoSwift.git",
      "state" : {
        "revision" : "19b3c3ceed117c5cc883517c4e658548315ba70b",
        "version" : "1.6.0"
      }
    },
    {
      "identity" : "data-field",
      "kind" : "remoteSourceControl",
      "location" : "https://github.com/marcusrossel/data-field.git",
      "state" : {
        "branch" : "main",
        "revision" : "81f3cefcf320d9ca203f6e8754179a5b2d85d62f"
      }
    },
    {
      "identity" : "factory",
      "kind" : "remoteSourceControl",
      "location" : "https://github.com/hmlongco/Factory",
      "state" : {
        "revision" : "8557426f3286e20b631ecdac8115242f888656e0",
        "version" : "1.2.8"
      }
    },
    {
      "identity" : "keychainaccess",
      "kind" : "remoteSourceControl",
      "location" : "https://github.com/kishikawakatsumi/KeychainAccess",
      "state" : {
        "branch" : "master",
        "revision" : "6299daec1d74be12164fec090faf9ed14d0da9d6"
      }
    },
    {
      "identity" : "kingfisher",
      "kind" : "remoteSourceControl",
      "location" : "https://github.com/onevcat/Kingfisher",
      "state" : {
        "revision" : "017f94ccfdacabb1ae7f45b75b4217b24c06e6ac",
        "version" : "7.4.0"
      }
    },
    {
      "identity" : "portal-ui-swift",
      "kind" : "remoteSourceControl",
      "location" : "https://github.com/FabricLabs/portal-ui-swift",
      "state" : {
        "branch" : "main",
        "revision" : "6d99459ef17857df41f00b0451347de89f5ad283"
      }
    }
  ],
  "version" : 2
}
