{
  "pins" : [
    {
      "identity" : "alamofire",
      "kind" : "remoteSourceControl",
      "location" : "https://github.com/Alamofire/Alamofire.git",
      "state" : {
        "revision" : "78424be314842833c04bc3bef5b72e85fff99204",
        "version" : "5.6.4"
      }
    },
    {
      "identity" : "bdk-swift",
      "kind" : "remoteSourceControl",
      "location" : "https://github.com/bitcoindevkit/bdk-swift",
      "state" : {
        "revision" : "0fb054f7ff6ac6603577d13dade3d86f2c64f562",
        "version" : "0.26.0"
      }
    },
    {
      "identity" : "bigint",
      "kind" : "remoteSourceControl",
      "location" : "https://github.com/attaswift/BigInt.git",
      "state" : {
        "revision" : "0ed110f7555c34ff468e72e1686e59721f2b0da6",
        "version" : "5.3.0"
      }
    },
    {
      "identity" : "bitcoin-address-validator-swift",
      "kind" : "remoteSourceControl",
      "location" : "https://github.com/cuhte3/bitcoin-address-validator-swift",
      "state" : {
        "branch" : "main",
        "revision" : "c8738fea95bb403b49ff3e1457265d4b5b64838f"
      }
    },
    {
      "identity" : "bluesocket",
      "kind" : "remoteSourceControl",
      "location" : "https://github.com/Kitura/BlueSocket.git",
      "state" : {
        "revision" : "7b23a867008e0027bfd6f4d398d44720707bc8ca",
        "version" : "2.0.4"
      }
    },
    {
      "identity" : "codescanner",
      "kind" : "remoteSourceControl",
      "location" : "https://github.com/cuhte3/CodeScanner",
      "state" : {
        "branch" : "main",
        "revision" : "63657b5ada395bfd032be4e9eabcb959f57575eb"
      }
    },
    {
      "identity" : "coinpaprika-api-swift-client",
      "kind" : "remoteSourceControl",
      "location" : "https://github.com/coinpaprika/coinpaprika-api-swift-client",
      "state" : {
        "branch" : "master",
        "revision" : "22daaef73cfd79360483cbc51632dc372f23206d"
      }
    },
    {
      "identity" : "cryptoswift",
      "kind" : "remoteSourceControl",
      "location" : "https://github.com/krzyzanowskim/CryptoSwift.git",
      "state" : {
        "revision" : "19b3c3ceed117c5cc883517c4e658548315ba70b",
        "version" : "1.6.0"
      }
    },
    {
      "identity" : "data-field",
      "kind" : "remoteSourceControl",
      "location" : "https://github.com/marcusrossel/data-field.git",
      "state" : {
        "branch" : "main",
        "revision" : "81f3cefcf320d9ca203f6e8754179a5b2d85d62f"
      }
    },
    {
      "identity" : "evmkit.swift",
      "kind" : "remoteSourceControl",
      "location" : "https://github.com/horizontalsystems/EvmKit.Swift",
      "state" : {
        "revision" : "a62292574eaca3e5c7826b6a42d8ca6809ecf83d",
        "version" : "1.1.1"
      }
    },
    {
      "identity" : "factory",
      "kind" : "remoteSourceControl",
      "location" : "https://github.com/hmlongco/Factory",
      "state" : {
        "revision" : "ca5788b8621b185a0fbe6ef05bb9a73b3ef2833f",
        "version" : "1.2.9"
      }
    },
    {
      "identity" : "feeratekit.swift",
      "kind" : "remoteSourceControl",
      "location" : "https://github.com/horizontalsystems/FeeRateKit.Swift.git",
      "state" : {
        "revision" : "749b07b44db150df024541f16d1e0fbecabde5e1",
        "version" : "1.0.0"
      }
    },
    {
      "identity" : "grdb.swift",
      "kind" : "remoteSourceControl",
      "location" : "https://github.com/groue/GRDB.swift.git",
      "state" : {
        "revision" : "dd7e7f39e8e4d7a22d258d9809a882f914690b01",
        "version" : "5.26.1"
      }
    },
    {
      "identity" : "hdwalletkit.swift",
      "kind" : "remoteSourceControl",
      "location" : "https://github.com/horizontalsystems/HdWalletKit.Swift.git",
      "state" : {
        "revision" : "55cdcf63662b49fe25f261d4e864dfd2e458ea8f",
        "version" : "1.1.0"
      }
    },
    {
      "identity" : "hscryptokit.swift",
      "kind" : "remoteSourceControl",
      "location" : "https://github.com/horizontalsystems/HsCryptoKit.Swift.git",
      "state" : {
        "revision" : "52ef372b9c094cb202e317fba9516bca87a88c08",
        "version" : "1.1.0"
      }
    },
    {
      "identity" : "hsextensions.swift",
      "kind" : "remoteSourceControl",
      "location" : "https://github.com/horizontalsystems/HsExtensions.Swift.git",
      "state" : {
        "revision" : "360db9624dcf720452ccf11c421cd0fb4f5be6b2",
        "version" : "1.0.0"
      }
    },
    {
      "identity" : "hstoolkit.swift",
      "kind" : "remoteSourceControl",
      "location" : "https://github.com/horizontalsystems/HsToolKit.Swift.git",
      "state" : {
        "revision" : "79aa4968b2436b0b4735bd9278c351c1142f7035",
        "version" : "1.0.0"
      }
    },
    {
      "identity" : "keychainaccess",
      "kind" : "remoteSourceControl",
      "location" : "https://github.com/kishikawakatsumi/KeychainAccess",
      "state" : {
        "branch" : "master",
        "revision" : "6299daec1d74be12164fec090faf9ed14d0da9d6"
      }
    },
    {
      "identity" : "kingfisher",
      "kind" : "remoteSourceControl",
      "location" : "https://github.com/onevcat/Kingfisher",
      "state" : {
        "revision" : "44e891bdb61426a95e31492a67c7c0dfad1f87c5",
        "version" : "7.4.1"
      }
    },
    {
      "identity" : "objectmapper",
      "kind" : "remoteSourceControl",
      "location" : "https://github.com/tristanhimmelman/ObjectMapper.git",
      "state" : {
        "revision" : "0b96a734de3ea1c87374ae677064f86adb0716ec",
        "version" : "4.2.0"
      }
    },
    {
      "identity" : "portal-ui-swift",
      "kind" : "remoteSourceControl",
      "location" : "https://github.com/FabricLabs/portal-ui-swift",
      "state" : {
        "branch" : "main",
        "revision" : "6d99459ef17857df41f00b0451347de89f5ad283"
      }
    },
    {
      "identity" : "rxswift",
      "kind" : "remoteSourceControl",
      "location" : "https://github.com/ReactiveX/RxSwift.git",
      "state" : {
        "revision" : "cec68169a048a079f461ba203fe85636548d7a89",
        "version" : "5.1.3"
      }
    },
    {
      "identity" : "secp256k1.swift",
      "kind" : "remoteSourceControl",
      "location" : "https://github.com/Boilertalk/secp256k1.swift.git",
      "state" : {
        "revision" : "cd187c632fb812fd93711a9f7e644adb7e5f97f0",
        "version" : "0.1.7"
      }
    },
    {
      "identity" : "swift-atomics",
      "kind" : "remoteSourceControl",
      "location" : "https://github.com/apple/swift-atomics.git",
      "state" : {
        "revision" : "ff3d2212b6b093db7f177d0855adbc4ef9c5f036",
        "version" : "1.0.3"
      }
    },
    {
      "identity" : "swift-collections",
      "kind" : "remoteSourceControl",
      "location" : "https://github.com/apple/swift-collections.git",
      "state" : {
        "revision" : "937e904258d22af6e447a0b72c0bc67583ef64a2",
        "version" : "1.0.4"
      }
    },
    {
      "identity" : "swift-crypto",
      "kind" : "remoteSourceControl",
      "location" : "https://github.com/apple/swift-crypto.git",
      "state" : {
        "revision" : "92a04c10fc5ce0504f8396aac7392126033e547c",
        "version" : "2.2.2"
      }
    },
    {
      "identity" : "swift-nio",
      "kind" : "remoteSourceControl",
      "location" : "https://github.com/apple/swift-nio.git",
      "state" : {
        "revision" : "e855380cb5234e96b760d93e0bfdc403e381e928",
        "version" : "2.45.0"
      }
    },
    {
      "identity" : "swift-nio-ssl",
      "kind" : "remoteSourceControl",
      "location" : "https://github.com/apple/swift-nio-ssl.git",
      "state" : {
        "revision" : "4fb7ead803e38949eb1d6fabb849206a72c580f3",
        "version" : "2.23.0"
      }
    }
  ],
  "version" : 2
}
