{
  "pins" : [
    {
      "identity" : "bdk-swift",
      "kind" : "remoteSourceControl",
      "location" : "https://github.com/bitcoindevkit/bdk-swift",
      "state" : {
        "revision" : "320f95e4fa37ae4ce70d1fd6d57c1d431ab0a194",
        "version" : "0.4.0"
      }
    },
    {
      "identity" : "keychainaccess",
      "kind" : "remoteSourceControl",
      "location" : "https://github.com/kishikawakatsumi/KeychainAccess",
      "state" : {
        "branch" : "master",
        "revision" : "6299daec1d74be12164fec090faf9ed14d0da9d6"
      }
    },
    {
      "identity" : "portal-ui-swift",
      "kind" : "remoteSourceControl",
      "location" : "https://github.com/FabricLabs/portal-ui-swift",
      "state" : {
        "branch" : "main",
        "revision" : "23a3bd607fb91f8d2ea53bc3a28b72dc1714c6f0"
      }
    }
  ],
  "version" : 2
}
