{
  "pins" : [
    {
      "identity" : "bdk-swift",
      "kind" : "remoteSourceControl",
      "location" : "https://github.com/bitcoindevkit/bdk-swift",
      "state" : {
        "revision" : "320f95e4fa37ae4ce70d1fd6d57c1d431ab0a194",
        "version" : "0.4.0"
      }
    },
    {
      "identity" : "bitcoin-address-validator-swift",
      "kind" : "remoteSourceControl",
      "location" : "https://github.com/cuhte3/bitcoin-address-validator-swift",
      "state" : {
        "branch" : "main",
        "revision" : "c8738fea95bb403b49ff3e1457265d4b5b64838f"
      }
    },
    {
      "identity" : "codescanner",
      "kind" : "remoteSourceControl",
      "location" : "https://github.com/twostraws/CodeScanner",
      "state" : {
        "branch" : "main",
        "revision" : "f5ee9a598419faeaf19bb08462bce5012ebf9564"
      }
    },
    {
      "identity" : "coinpaprika-api-swift-client",
      "kind" : "remoteSourceControl",
      "location" : "https://github.com/coinpaprika/coinpaprika-api-swift-client",
      "state" : {
        "branch" : "master",
        "revision" : "22daaef73cfd79360483cbc51632dc372f23206d"
      }
    },
    {
      "identity" : "cryptoswift",
      "kind" : "remoteSourceControl",
      "location" : "https://github.com/krzyzanowskim/CryptoSwift.git",
      "state" : {
        "revision" : "039f56c5d7960f277087a0be51f5eb04ed0ec073",
        "version" : "1.5.1"
      }
    },
    {
      "identity" : "factory",
      "kind" : "remoteSourceControl",
      "location" : "https://github.com/hmlongco/Factory",
      "state" : {
        "revision" : "8557426f3286e20b631ecdac8115242f888656e0",
        "version" : "1.2.8"
      }
    },
    {
      "identity" : "keychainaccess",
      "kind" : "remoteSourceControl",
      "location" : "https://github.com/kishikawakatsumi/KeychainAccess",
      "state" : {
        "branch" : "master",
        "revision" : "6299daec1d74be12164fec090faf9ed14d0da9d6"
      }
    }
  ],
  "version" : 2
}
